
Microsoft Visual Studio Solution File, Format Version 12.00
# Visual Studio Version 17
VisualStudioVersion = 17.11.35222.181
MinimumVisualStudioVersion = 10.0.40219.1
Project("{FAE04EC0-301F-11D3-BF4B-00C04F79EFBC}") = "ToDoListApp", "ToDoListApp\ToDoListApp.csproj", "{DC2F598B-C29F-48B5-9126-040FFDCF86AD}"
EndProject
Global
	GlobalSection(SolutionConfigurationPlatforms) = preSolution
		Debug|Any CPU = Debug|Any CPU
		Release|Any CPU = Release|Any CPU
	EndGlobalSection
	GlobalSection(ProjectConfigurationPlatforms) = postSolution
		{DC2F598B-C29F-48B5-9126-040FFDCF86AD}.Debug|Any CPU.ActiveCfg = Debug|Any CPU
		{DC2F598B-C29F-48B5-9126-040FFDCF86AD}.Debug|Any CPU.Build.0 = Debug|Any CPU
		{DC2F598B-C29F-48B5-9126-040FFDCF86AD}.Release|Any CPU.ActiveCfg = Release|Any CPU
		{DC2F598B-C29F-48B5-9126-040FFDCF86AD}.Release|Any CPU.Build.0 = Release|Any CPU
	EndGlobalSection
	GlobalSection(SolutionProperties) = preSolution
		HideSolutionNode = FALSE
	EndGlobalSection
	GlobalSection(ExtensibilityGlobals) = postSolution
		SolutionGuid = {9C1EBA5C-C75D-4BA0-A423-90E2D595CD48}
	EndGlobalSection
EndGlobal
